
Microsoft Visual Studio Solution File, Format Version 12.00
# Visual Studio Version 16
VisualStudioVersion = 25.0.1703.8
MinimumVisualStudioVersion = 10.0.40219.1
Project("{FAE04EC0-301F-11D3-BF4B-00C04F79EFBC}") = "BooksApi", "BooksApi\BooksApi.csproj", "{8C51656A-CE9E-4BFD-ADA1-0E18C517FCFF}"
EndProject
Global
	GlobalSection(SolutionConfigurationPlatforms) = preSolution
		Debug|Any CPU = Debug|Any CPU
		Release|Any CPU = Release|Any CPU
	EndGlobalSection
	GlobalSection(ProjectConfigurationPlatforms) = postSolution
		{8C51656A-CE9E-4BFD-ADA1-0E18C517FCFF}.Debug|Any CPU.ActiveCfg = Debug|Any CPU
		{8C51656A-CE9E-4BFD-ADA1-0E18C517FCFF}.Debug|Any CPU.Build.0 = Debug|Any CPU
		{8C51656A-CE9E-4BFD-ADA1-0E18C517FCFF}.Release|Any CPU.ActiveCfg = Release|Any CPU
		{8C51656A-CE9E-4BFD-ADA1-0E18C517FCFF}.Release|Any CPU.Build.0 = Release|Any CPU
	EndGlobalSection
	GlobalSection(SolutionProperties) = preSolution
		HideSolutionNode = FALSE
	EndGlobalSection
	GlobalSection(ExtensibilityGlobals) = postSolution
		SolutionGuid = {F167F9C2-43CC-48DD-A850-010102127D9F}
	EndGlobalSection
EndGlobal
